
Microsoft Visual Studio Solution File, Format Version 12.00
# Visual Studio Version 17
VisualStudioVersion = 17.0.31903.59
MinimumVisualStudioVersion = 10.0.40219.1
Project("{9A19103F-16F7-4668-BE54-9A1E7A4F7556}") = "SuperHeroApi", "SuperHeroApi\SuperHeroApi.csproj", "{6D31395E-8E7F-40C0-9E38-8CA99FB2EC31}"
EndProject
Project("{FAE04EC0-301F-11D3-BF4B-00C04F79EFBC}") = "GraphqlProject", "GraphqlProject\GraphqlProject.csproj", "{C5682B36-E73B-4928-BD37-C3CAEF890C27}"
EndProject
Global
	GlobalSection(SolutionConfigurationPlatforms) = preSolution
		Debug|Any CPU = Debug|Any CPU
		Release|Any CPU = Release|Any CPU
	EndGlobalSection
	GlobalSection(ProjectConfigurationPlatforms) = postSolution
		{6D31395E-8E7F-40C0-9E38-8CA99FB2EC31}.Debug|Any CPU.ActiveCfg = Debug|Any CPU
		{6D31395E-8E7F-40C0-9E38-8CA99FB2EC31}.Debug|Any CPU.Build.0 = Debug|Any CPU
		{6D31395E-8E7F-40C0-9E38-8CA99FB2EC31}.Release|Any CPU.ActiveCfg = Release|Any CPU
		{6D31395E-8E7F-40C0-9E38-8CA99FB2EC31}.Release|Any CPU.Build.0 = Release|Any CPU
		{C5682B36-E73B-4928-BD37-C3CAEF890C27}.Debug|Any CPU.ActiveCfg = Debug|Any CPU
		{C5682B36-E73B-4928-BD37-C3CAEF890C27}.Debug|Any CPU.Build.0 = Debug|Any CPU
		{C5682B36-E73B-4928-BD37-C3CAEF890C27}.Release|Any CPU.ActiveCfg = Release|Any CPU
		{C5682B36-E73B-4928-BD37-C3CAEF890C27}.Release|Any CPU.Build.0 = Release|Any CPU
	EndGlobalSection
	GlobalSection(SolutionProperties) = preSolution
		HideSolutionNode = FALSE
	EndGlobalSection
	GlobalSection(ExtensibilityGlobals) = postSolution
		SolutionGuid = {D34F4EB1-77E9-4D7B-ACA5-E9F449BBBD7B}
	EndGlobalSection
EndGlobal
